{
  "nodes": {
    "flake-utils": {
      "inputs": {
        "systems": "systems"
      },
      "locked": {
        "lastModified": 1710146030,
        "narHash": "sha256-SZ5L6eA7HJ/nmkzGG7/ISclqe6oZdOZTNoesiInkXPQ=",
        "owner": "numtide",
        "repo": "flake-utils",
        "rev": "b1d9ab70662946ef0850d488da1c9019f3a9752a",
        "type": "github"
      },
      "original": {
        "id": "flake-utils",
        "type": "indirect"
      }
    },
    "goo": {
      "inputs": {
        "flake-utils": "flake-utils",
        "nixpkgs": "nixpkgs"
      },
      "locked": {
        "lastModified": 1725463778,
        "narHash": "sha256-8DRRl0oExs0VDqizRxTaWpRXMfE1Kh6uKfUjyz+9Wsw=",
        "owner": "doma-engineering",
        "repo": "goo",
        "rev": "deafa2d9ff60637b57bc7d4ec986d477e11d213d",
        "type": "github"
      },
      "original": {
        "owner": "doma-engineering",
        "repo": "goo",
        "type": "github"
      }
    },
    "nixpkgs": {
      "locked": {
        "lastModified": 1725463248,
        "narHash": "sha256-f6kA/pbZAuXsliwvXXqAdnwYbMvpnk/opQ+fIzKqupg=",
        "owner": "NixOS",
        "repo": "nixpkgs",
        "rev": "4c37eef00301f549db49492f840f8de96075547b",
        "type": "github"
      },
      "original": {
        "owner": "NixOS",
        "repo": "nixpkgs",
        "type": "github"
      }
    },
    "nixpkgs_2": {
      "locked": {
        "lastModified": 1725465679,
        "narHash": "sha256-ib25Sn4GypbS2Al+rtV98qfIyQvs+gTIYCG/zjLFato=",
        "owner": "NixOS",
        "repo": "nixpkgs",
        "rev": "144ac614a28db8b9e75a3567f5ab4b91cce9f9eb",
        "type": "github"
      },
      "original": {
        "owner": "NixOS",
        "repo": "nixpkgs",
        "type": "github"
      }
    },
    "root": {
      "inputs": {
        "goo": "goo",
        "nixpkgs": "nixpkgs_2"
      }
    },
    "systems": {
      "locked": {
        "lastModified": 1681028828,
        "narHash": "sha256-Vy1rq5AaRuLzOxct8nz4T6wlgyUR7zLU309k9mBC768=",
        "owner": "nix-systems",
        "repo": "default",
        "rev": "da67096a3b9bf56a91d16901293e51ba5b49a27e",
        "type": "github"
      },
      "original": {
        "owner": "nix-systems",
        "repo": "default",
        "type": "github"
      }
    }
  },
  "root": "root",
  "version": 7
}
